
Microsoft Visual Studio Solution File, Format Version 12.00
# Visual Studio Version 17
VisualStudioVersion = 17.14.36930.0 d17.14
MinimumVisualStudioVersion = 10.0.40219.1
Project("{FAE04EC0-301F-11D3-BF4B-00C04F79EFBC}") = "ApiMateriales2026Fagnola", "ApiMateriales2026Fagnola.csproj", "{6615DF7B-515D-4252-8CAA-45CBFEF3E4B9}"
EndProject
Global
	GlobalSection(SolutionConfigurationPlatforms) = preSolution
		Debug|Any CPU = Debug|Any CPU
		Release|Any CPU = Release|Any CPU
	EndGlobalSection
	GlobalSection(ProjectConfigurationPlatforms) = postSolution
		{6615DF7B-515D-4252-8CAA-45CBFEF3E4B9}.Debug|Any CPU.ActiveCfg = Debug|Any CPU
		{6615DF7B-515D-4252-8CAA-45CBFEF3E4B9}.Debug|Any CPU.Build.0 = Debug|Any CPU
		{6615DF7B-515D-4252-8CAA-45CBFEF3E4B9}.Release|Any CPU.ActiveCfg = Release|Any CPU
		{6615DF7B-515D-4252-8CAA-45CBFEF3E4B9}.Release|Any CPU.Build.0 = Release|Any CPU
	EndGlobalSection
	GlobalSection(SolutionProperties) = preSolution
		HideSolutionNode = FALSE
	EndGlobalSection
	GlobalSection(ExtensibilityGlobals) = postSolution
		SolutionGuid = {7D0C010D-2E36-4596-AC8B-B5E0A785B76A}
	EndGlobalSection
EndGlobal
